
Microsoft Visual Studio Solution File, Format Version 12.00
# Visual Studio Version 17
VisualStudioVersion = 17.7.34031.279
MinimumVisualStudioVersion = 10.0.40219.1
Project("{8BC9CEB8-8B4A-11D0-8D11-00A0C91BC942}") = "SimpleLinkedList", "SimpleLinkedList\SimpleLinkedList.vcxproj", "{89C2E9BA-A75B-4BF8-BDBB-128FFF143052}"
EndProject
Project("{8BC9CEB8-8B4A-11D0-8D11-00A0C91BC942}") = "SimpleLinkedListNonRecursive", "SimpleLinkedListNonRecursive\SimpleLinkedListNonRecursive.vcxproj", "{BCC94F68-68F1-4605-A693-31C19E49759E}"
EndProject
Project("{8BC9CEB8-8B4A-11D0-8D11-00A0C91BC942}") = "ReferenceVsValueSemantics", "ReferenceVsValueSemantics\ReferenceVsValueSemantics.vcxproj", "{F32BE007-21FF-4DBF-883B-87F50AA62BCC}"
EndProject
Global
	GlobalSection(SolutionConfigurationPlatforms) = preSolution
		Debug|x64 = Debug|x64
		Debug|x86 = Debug|x86
		Release|x64 = Release|x64
		Release|x86 = Release|x86
	EndGlobalSection
	GlobalSection(ProjectConfigurationPlatforms) = postSolution
		{89C2E9BA-A75B-4BF8-BDBB-128FFF143052}.Debug|x64.ActiveCfg = Debug|x64
		{89C2E9BA-A75B-4BF8-BDBB-128FFF143052}.Debug|x64.Build.0 = Debug|x64
		{89C2E9BA-A75B-4BF8-BDBB-128FFF143052}.Debug|x86.ActiveCfg = Debug|Win32
		{89C2E9BA-A75B-4BF8-BDBB-128FFF143052}.Debug|x86.Build.0 = Debug|Win32
		{89C2E9BA-A75B-4BF8-BDBB-128FFF143052}.Release|x64.ActiveCfg = Release|x64
		{89C2E9BA-A75B-4BF8-BDBB-128FFF143052}.Release|x64.Build.0 = Release|x64
		{89C2E9BA-A75B-4BF8-BDBB-128FFF143052}.Release|x86.ActiveCfg = Release|Win32
		{89C2E9BA-A75B-4BF8-BDBB-128FFF143052}.Release|x86.Build.0 = Release|Win32
		{BCC94F68-68F1-4605-A693-31C19E49759E}.Debug|x64.ActiveCfg = Debug|x64
		{BCC94F68-68F1-4605-A693-31C19E49759E}.Debug|x64.Build.0 = Debug|x64
		{BCC94F68-68F1-4605-A693-31C19E49759E}.Debug|x86.ActiveCfg = Debug|Win32
		{BCC94F68-68F1-4605-A693-31C19E49759E}.Debug|x86.Build.0 = Debug|Win32
		{BCC94F68-68F1-4605-A693-31C19E49759E}.Release|x64.ActiveCfg = Release|x64
		{BCC94F68-68F1-4605-A693-31C19E49759E}.Release|x64.Build.0 = Release|x64
		{BCC94F68-68F1-4605-A693-31C19E49759E}.Release|x86.ActiveCfg = Release|Win32
		{BCC94F68-68F1-4605-A693-31C19E49759E}.Release|x86.Build.0 = Release|Win32
		{F32BE007-21FF-4DBF-883B-87F50AA62BCC}.Debug|x64.ActiveCfg = Debug|x64
		{F32BE007-21FF-4DBF-883B-87F50AA62BCC}.Debug|x64.Build.0 = Debug|x64
		{F32BE007-21FF-4DBF-883B-87F50AA62BCC}.Debug|x86.ActiveCfg = Debug|Win32
		{F32BE007-21FF-4DBF-883B-87F50AA62BCC}.Debug|x86.Build.0 = Debug|Win32
		{F32BE007-21FF-4DBF-883B-87F50AA62BCC}.Release|x64.ActiveCfg = Release|x64
		{F32BE007-21FF-4DBF-883B-87F50AA62BCC}.Release|x64.Build.0 = Release|x64
		{F32BE007-21FF-4DBF-883B-87F50AA62BCC}.Release|x86.ActiveCfg = Release|Win32
		{F32BE007-21FF-4DBF-883B-87F50AA62BCC}.Release|x86.Build.0 = Release|Win32
	EndGlobalSection
	GlobalSection(SolutionProperties) = preSolution
		HideSolutionNode = FALSE
	EndGlobalSection
	GlobalSection(ExtensibilityGlobals) = postSolution
		SolutionGuid = {FF147F76-F556-484F-88E3-FF9988969BF9}
	EndGlobalSection
EndGlobal
